
Microsoft Visual Studio Solution File, Format Version 12.00
# Visual Studio Version 17
VisualStudioVersion = 17.6.33801.468
MinimumVisualStudioVersion = 10.0.40219.1
Project("{FAE04EC0-301F-11D3-BF4B-00C04F79EFBC}") = "Project2", "Project2.csproj", "{E992F57F-D3E9-461C-94EA-F8C06689F42C}"
EndProject
Global
	GlobalSection(SolutionConfigurationPlatforms) = preSolution
		Debug|Any CPU = Debug|Any CPU
		Release|Any CPU = Release|Any CPU
	EndGlobalSection
	GlobalSection(ProjectConfigurationPlatforms) = postSolution
		{E992F57F-D3E9-461C-94EA-F8C06689F42C}.Debug|Any CPU.ActiveCfg = Debug|Any CPU
		{E992F57F-D3E9-461C-94EA-F8C06689F42C}.Debug|Any CPU.Build.0 = Debug|Any CPU
		{E992F57F-D3E9-461C-94EA-F8C06689F42C}.Release|Any CPU.ActiveCfg = Release|Any CPU
		{E992F57F-D3E9-461C-94EA-F8C06689F42C}.Release|Any CPU.Build.0 = Release|Any CPU
	EndGlobalSection
	GlobalSection(SolutionProperties) = preSolution
		HideSolutionNode = FALSE
	EndGlobalSection
	GlobalSection(ExtensibilityGlobals) = postSolution
		SolutionGuid = {0FCF6F62-089E-40D7-9AAB-54AFBB3E9A7A}
	EndGlobalSection
EndGlobal
